
Microsoft Visual Studio Solution File, Format Version 12.00
# Visual Studio Version 17
VisualStudioVersion = 17.13.35825.156
MinimumVisualStudioVersion = 10.0.40219.1
Project("{FAE04EC0-301F-11D3-BF4B-00C04F79EFBC}") = "OnlyWhenItCounts", "OnlyWhenItCounts.csproj", "{1CDA260E-E360-4A61-ACE0-524FACFF678C}"
EndProject
Global
	GlobalSection(SolutionConfigurationPlatforms) = preSolution
		Debug|Any CPU = Debug|Any CPU
		Release|Any CPU = Release|Any CPU
	EndGlobalSection
	GlobalSection(ProjectConfigurationPlatforms) = postSolution
		{1CDA260E-E360-4A61-ACE0-524FACFF678C}.Debug|Any CPU.ActiveCfg = Debug|Any CPU
		{1CDA260E-E360-4A61-ACE0-524FACFF678C}.Debug|Any CPU.Build.0 = Debug|Any CPU
		{1CDA260E-E360-4A61-ACE0-524FACFF678C}.Release|Any CPU.ActiveCfg = Release|Any CPU
		{1CDA260E-E360-4A61-ACE0-524FACFF678C}.Release|Any CPU.Build.0 = Release|Any CPU
	EndGlobalSection
	GlobalSection(SolutionProperties) = preSolution
		HideSolutionNode = FALSE
	EndGlobalSection
	GlobalSection(ExtensibilityGlobals) = postSolution
		SolutionGuid = {E0B86E13-CDA3-41A6-81B6-6A1ADEFCCDAA}
	EndGlobalSection
EndGlobal
